Microsoft Visual Studio Solution File, Format Version 12.00
# Visual Studio Version 17
VisualStudioVersion = 17.5.2.0
MinimumVisualStudioVersion = 10.0.40219.1
Project("{FAE04EC0-301F-11D3-BF4B-00C04F79EFBC}") = "punto3", "punto3.csproj", "{62C3327F-07F1-0D94-E85B-C79983B9C863}"
EndProject
Global
	GlobalSection(SolutionConfigurationPlatforms) = preSolution
		Debug|Any CPU = Debug|Any CPU
		Release|Any CPU = Release|Any CPU
	EndGlobalSection
	GlobalSection(ProjectConfigurationPlatforms) = postSolution
		{62C3327F-07F1-0D94-E85B-C79983B9C863}.Debug|Any CPU.ActiveCfg = Debug|Any CPU
		{62C3327F-07F1-0D94-E85B-C79983B9C863}.Debug|Any CPU.Build.0 = Debug|Any CPU
		{62C3327F-07F1-0D94-E85B-C79983B9C863}.Release|Any CPU.ActiveCfg = Release|Any CPU
		{62C3327F-07F1-0D94-E85B-C79983B9C863}.Release|Any CPU.Build.0 = Release|Any CPU
	EndGlobalSection
	GlobalSection(SolutionProperties) = preSolution
		HideSolutionNode = FALSE
	EndGlobalSection
	GlobalSection(ExtensibilityGlobals) = postSolution
		SolutionGuid = {7829955A-FC19-4817-B660-854E1B7FB946}
	EndGlobalSection
EndGlobal
