Microsoft Visual Studio Solution File, Format Version 12.00
# Visual Studio Version 17
VisualStudioVersion = 17.5.2.0
MinimumVisualStudioVersion = 10.0.40219.1
Project("{FAE04EC0-301F-11D3-BF4B-00C04F79EFBC}") = "punto18", "punto18.csproj", "{AA7D93AF-8C86-3F9E-ABDD-84C2128CF0BA}"
EndProject
Global
	GlobalSection(SolutionConfigurationPlatforms) = preSolution
		Debug|Any CPU = Debug|Any CPU
		Release|Any CPU = Release|Any CPU
	EndGlobalSection
	GlobalSection(ProjectConfigurationPlatforms) = postSolution
		{AA7D93AF-8C86-3F9E-ABDD-84C2128CF0BA}.Debug|Any CPU.ActiveCfg = Debug|Any CPU
		{AA7D93AF-8C86-3F9E-ABDD-84C2128CF0BA}.Debug|Any CPU.Build.0 = Debug|Any CPU
		{AA7D93AF-8C86-3F9E-ABDD-84C2128CF0BA}.Release|Any CPU.ActiveCfg = Release|Any CPU
		{AA7D93AF-8C86-3F9E-ABDD-84C2128CF0BA}.Release|Any CPU.Build.0 = Release|Any CPU
	EndGlobalSection
	GlobalSection(SolutionProperties) = preSolution
		HideSolutionNode = FALSE
	EndGlobalSection
	GlobalSection(ExtensibilityGlobals) = postSolution
		SolutionGuid = {B12DBDA0-25D3-4175-B452-A1DFD4FA336C}
	EndGlobalSection
EndGlobal
