Microsoft Visual Studio Solution File, Format Version 12.00
# Visual Studio Version 17
VisualStudioVersion = 17.5.2.0
MinimumVisualStudioVersion = 10.0.40219.1
Project("{FAE04EC0-301F-11D3-BF4B-00C04F79EFBC}") = "punto12", "punto12.csproj", "{3DF42B48-E48C-EFF4-93EC-EC2B7A9668FA}"
EndProject
Global
	GlobalSection(SolutionConfigurationPlatforms) = preSolution
		Debug|Any CPU = Debug|Any CPU
		Release|Any CPU = Release|Any CPU
	EndGlobalSection
	GlobalSection(ProjectConfigurationPlatforms) = postSolution
		{3DF42B48-E48C-EFF4-93EC-EC2B7A9668FA}.Debug|Any CPU.ActiveCfg = Debug|Any CPU
		{3DF42B48-E48C-EFF4-93EC-EC2B7A9668FA}.Debug|Any CPU.Build.0 = Debug|Any CPU
		{3DF42B48-E48C-EFF4-93EC-EC2B7A9668FA}.Release|Any CPU.ActiveCfg = Release|Any CPU
		{3DF42B48-E48C-EFF4-93EC-EC2B7A9668FA}.Release|Any CPU.Build.0 = Release|Any CPU
	EndGlobalSection
	GlobalSection(SolutionProperties) = preSolution
		HideSolutionNode = FALSE
	EndGlobalSection
	GlobalSection(ExtensibilityGlobals) = postSolution
		SolutionGuid = {06B48E30-2229-4E16-A420-C6EB05D18FA1}
	EndGlobalSection
EndGlobal
