Microsoft Visual Studio Solution File, Format Version 12.00
# Visual Studio Version 17
VisualStudioVersion = 17.5.2.0
MinimumVisualStudioVersion = 10.0.40219.1
Project("{FAE04EC0-301F-11D3-BF4B-00C04F79EFBC}") = "punto4", "punto4.csproj", "{C41275DB-A747-78F9-9FBF-ED3DDAE63525}"
EndProject
Global
	GlobalSection(SolutionConfigurationPlatforms) = preSolution
		Debug|Any CPU = Debug|Any CPU
		Release|Any CPU = Release|Any CPU
	EndGlobalSection
	GlobalSection(ProjectConfigurationPlatforms) = postSolution
		{C41275DB-A747-78F9-9FBF-ED3DDAE63525}.Debug|Any CPU.ActiveCfg = Debug|Any CPU
		{C41275DB-A747-78F9-9FBF-ED3DDAE63525}.Debug|Any CPU.Build.0 = Debug|Any CPU
		{C41275DB-A747-78F9-9FBF-ED3DDAE63525}.Release|Any CPU.ActiveCfg = Release|Any CPU
		{C41275DB-A747-78F9-9FBF-ED3DDAE63525}.Release|Any CPU.Build.0 = Release|Any CPU
	EndGlobalSection
	GlobalSection(SolutionProperties) = preSolution
		HideSolutionNode = FALSE
	EndGlobalSection
	GlobalSection(ExtensibilityGlobals) = postSolution
		SolutionGuid = {15429AE7-D175-4A4D-8B91-CE26D43C2450}
	EndGlobalSection
EndGlobal
