Microsoft Visual Studio Solution File, Format Version 12.00
# Visual Studio Version 17
VisualStudioVersion = 17.5.2.0
MinimumVisualStudioVersion = 10.0.40219.1
Project("{FAE04EC0-301F-11D3-BF4B-00C04F79EFBC}") = "punto15", "punto15.csproj", "{431CBDC1-7704-D709-858C-E286DE175826}"
EndProject
Global
	GlobalSection(SolutionConfigurationPlatforms) = preSolution
		Debug|Any CPU = Debug|Any CPU
		Release|Any CPU = Release|Any CPU
	EndGlobalSection
	GlobalSection(ProjectConfigurationPlatforms) = postSolution
		{431CBDC1-7704-D709-858C-E286DE175826}.Debug|Any CPU.ActiveCfg = Debug|Any CPU
		{431CBDC1-7704-D709-858C-E286DE175826}.Debug|Any CPU.Build.0 = Debug|Any CPU
		{431CBDC1-7704-D709-858C-E286DE175826}.Release|Any CPU.ActiveCfg = Release|Any CPU
		{431CBDC1-7704-D709-858C-E286DE175826}.Release|Any CPU.Build.0 = Release|Any CPU
	EndGlobalSection
	GlobalSection(SolutionProperties) = preSolution
		HideSolutionNode = FALSE
	EndGlobalSection
	GlobalSection(ExtensibilityGlobals) = postSolution
		SolutionGuid = {B0DC4F00-BFD0-4D41-80A9-FD7AECC376AB}
	EndGlobalSection
EndGlobal
